
Microsoft Visual Studio Solution File, Format Version 12.00
# Visual Studio 15
VisualStudioVersion = 15.0.27004.2010
MinimumVisualStudioVersion = 10.0.40219.1
Project("{FAE04EC0-301F-11D3-BF4B-00C04F79EFBC}") = "Fabrica_de_bolo_GLPK", "Fabrica_de_bolo_GLPK\Fabrica_de_bolo_GLPK.csproj", "{DC6D10F3-E375-442F-B3AE-9275EA44A93C}"
EndProject
Global
	GlobalSection(SolutionConfigurationPlatforms) = preSolution
		Debug|Any CPU = Debug|Any CPU
		Release|Any CPU = Release|Any CPU
	EndGlobalSection
	GlobalSection(ProjectConfigurationPlatforms) = postSolution
		{DC6D10F3-E375-442F-B3AE-9275EA44A93C}.Debug|Any CPU.ActiveCfg = Debug|Any CPU
		{DC6D10F3-E375-442F-B3AE-9275EA44A93C}.Debug|Any CPU.Build.0 = Debug|Any CPU
		{DC6D10F3-E375-442F-B3AE-9275EA44A93C}.Release|Any CPU.ActiveCfg = Release|Any CPU
		{DC6D10F3-E375-442F-B3AE-9275EA44A93C}.Release|Any CPU.Build.0 = Release|Any CPU
	EndGlobalSection
	GlobalSection(SolutionProperties) = preSolution
		HideSolutionNode = FALSE
	EndGlobalSection
	GlobalSection(ExtensibilityGlobals) = postSolution
		SolutionGuid = {37A02D79-B03E-48F5-BB0B-E222E81D3937}
	EndGlobalSection
EndGlobal
